
Microsoft Visual Studio Solution File, Format Version 12.00
# Visual Studio Version 17
VisualStudioVersion = 17.3.32922.545
MinimumVisualStudioVersion = 10.0.40219.1
Project("{FAE04EC0-301F-11D3-BF4B-00C04F79EFBC}") = "SomeAsmTranslator", "SomeAsmTranslator\SomeAsmTranslator.csproj", "{318AD031-0521-4D9E-8D8A-2FB77EEC7793}"
EndProject
Global
	GlobalSection(SolutionConfigurationPlatforms) = preSolution
		Debug|Any CPU = Debug|Any CPU
		Release|Any CPU = Release|Any CPU
	EndGlobalSection
	GlobalSection(ProjectConfigurationPlatforms) = postSolution
		{318AD031-0521-4D9E-8D8A-2FB77EEC7793}.Debug|Any CPU.ActiveCfg = Debug|Any CPU
		{318AD031-0521-4D9E-8D8A-2FB77EEC7793}.Debug|Any CPU.Build.0 = Debug|Any CPU
		{318AD031-0521-4D9E-8D8A-2FB77EEC7793}.Release|Any CPU.ActiveCfg = Release|Any CPU
		{318AD031-0521-4D9E-8D8A-2FB77EEC7793}.Release|Any CPU.Build.0 = Release|Any CPU
	EndGlobalSection
	GlobalSection(SolutionProperties) = preSolution
		HideSolutionNode = FALSE
	EndGlobalSection
	GlobalSection(ExtensibilityGlobals) = postSolution
		SolutionGuid = {12F4704B-E27D-4B0D-BCF0-6C39EAD8A1A6}
	EndGlobalSection
EndGlobal
